// !$*UTF8*$!
{
	archiveVersion = 1;
	classes = {
	};
	objectVersion = 46;
	objects = {

/* Begin PBXBuildFile section */
		5AC6740C1EF7820D00147994 /* main.m in Sources */ = {isa = PBXBuildFile; fileRef = 5AC6740B1EF7820D00147994 /* main.m */; };
		5AC6740F1EF7820D00147994 /* AppDelegate.m in Sources */ = {isa = PBXBuildFile; fileRef = 5AC6740E1EF7820D00147994 /* AppDelegate.m */; };
		5AC674171EF7820D00147994 /* Assets.xcassets in Resources */ = {isa = PBXBuildFile; fileRef = 5AC674161EF7820D00147994 /* Assets.xcassets */; };
		5AC6743E1EF783F300147994 /* LabelAndTextCell.m in Sources */ = {isa = PBXBuildFile; fileRef = 5AC674281EF783F200147994 /* LabelAndTextCell.m */; };
		5AC6743F1EF783F300147994 /* RadioCell.m in Sources */ = {isa = PBXBuildFile; fileRef = 5AC6742A1EF783F200147994 /* RadioCell.m */; };
		5AC674401EF783F300147994 /* SegmentCell.m in Sources */ = {isa = PBXBuildFile; fileRef = 5AC6742C1EF783F200147994 /* SegmentCell.m */; };
		5AC674431EF783F300147994 /* Main.storyboard in Resources */ = {isa = PBXBuildFile; fileRef = 5AC674321EF783F200147994 /* Main.storyboard */; };
		5AC674441EF783F300147994 /* checkBtn@2x.png in Resources */ = {isa = PBXBuildFile; fileRef = 5AC674351EF783F300147994 /* checkBtn@2x.png */; };
		5AC674451EF783F300147994 /* unCheckBtn@2x.png in Resources */ = {isa = PBXBuildFile; fileRef = 5AC674361EF783F300147994 /* unCheckBtn@2x.png */; };
		5AC674461EF783F300147994 /* MBProgressHUD+Add.m in Sources */ = {isa = PBXBuildFile; fileRef = 5AC6743A1EF783F300147994 /* MBProgressHUD+Add.m */; };
		5AC674471EF783F300147994 /* MBProgressHUD.bundle in Resources */ = {isa = PBXBuildFile; fileRef = 5AC6743B1EF783F300147994 /* MBProgressHUD.bundle */; };
		5AC674481EF783F300147994 /* MBProgressHUD.m in Sources */ = {isa = PBXBuildFile; fileRef = 5AC6743D1EF783F300147994 /* MBProgressHUD.m */; };
		5AC674601EF787C100147994 /* FlyRTCSDK.cpp in Sources */ = {isa = PBXBuildFile; fileRef = 5AC674551EF787C100147994 /* FlyRTCSDK.cpp */; };
		5AC674611EF787C100147994 /* ugo.a in Frameworks */ = {isa = PBXBuildFile; fileRef = 5AC6745A1EF787C100147994 /* ugo.a */; };
		5AC674621EF787C100147994 /* vigo.a in Frameworks */ = {isa = PBXBuildFile; fileRef = 5AC6745E1EF787C100147994 /* vigo.a */; };
		5AC674651EF788BB00147994 /* QuartzCore.framework in Frameworks */ = {isa = PBXBuildFile; fileRef = 5AC674641EF788BB00147994 /* QuartzCore.framework */; };
		5AC674671EF788CC00147994 /* OpenGLES.framework in Frameworks */ = {isa = PBXBuildFile; fileRef = 5AC674661EF788CC00147994 /* OpenGLES.framework */; };
		5AC674691EF788D900147994 /* CFNetwork.framework in Frameworks */ = {isa = PBXBuildFile; fileRef = 5AC674681EF788D900147994 /* CFNetwork.framework */; };
		5AC6746B1EF788E600147994 /* SystemConfiguration.framework in Frameworks */ = {isa = PBXBuildFile; fileRef = 5AC6746A1EF788E600147994 /* SystemConfiguration.framework */; };
		5AC6746D1EF7891C00147994 /* AudioToolbox.framework in Frameworks */ = {isa = PBXBuildFile; fileRef = 5AC6746C1EF7891C00147994 /* AudioToolbox.framework */; };
		5AC6746F1EF7892B00147994 /* libz.tbd in Frameworks */ = {isa = PBXBuildFile; fileRef = 5AC6746E1EF7892B00147994 /* libz.tbd */; };
		5AC674711EF7893500147994 /* libstdc++.tbd in Frameworks */ = {isa = PBXBuildFile; fileRef = 5AC674701EF7893500147994 /* libstdc++.tbd */; };
		5AC674731EF7894000147994 /* CoreGraphics.framework in Frameworks */ = {isa = PBXBuildFile; fileRef = 5AC674721EF7894000147994 /* CoreGraphics.framework */; };
		5AC674751EF7894900147994 /* AssetsLibrary.framework in Frameworks */ = {isa = PBXBuildFile; fileRef = 5AC674741EF7894900147994 /* AssetsLibrary.framework */; };
		5AC674791EF7896700147994 /* CoreFoundation.framework in Frameworks */ = {isa = PBXBuildFile; fileRef = 5AC674781EF7896700147994 /* CoreFoundation.framework */; };
		5AC6747B1EF7897A00147994 /* AVFoundation.framework in Frameworks */ = {isa = PBXBuildFile; fileRef = 5AC6747A1EF7897A00147994 /* AVFoundation.framework */; };
		5AC6747D1EF7898600147994 /* CoreVideo.framework in Frameworks */ = {isa = PBXBuildFile; fileRef = 5AC6747C1EF7898600147994 /* CoreVideo.framework */; };
		5AC6747F1EF7899900147994 /* VideoToolbox.framework in Frameworks */ = {isa = PBXBuildFile; fileRef = 5AC6747E1EF7899900147994 /* VideoToolbox.framework */; };
		5AC674811EF789A300147994 /* CoreMedia.framework in Frameworks */ = {isa = PBXBuildFile; fileRef = 5AC674801EF789A300147994 /* CoreMedia.framework */; };
		5AC674831EF789AF00147994 /* MediaPlayer.framework in Frameworks */ = {isa = PBXBuildFile; fileRef = 5AC674821EF789AF00147994 /* MediaPlayer.framework */; };
		5AC674851EF789D800147994 /* libstdc++.6.tbd in Frameworks */ = {isa = PBXBuildFile; fileRef = 5AC674841EF789D800147994 /* libstdc++.6.tbd */; };
		5AC674871EF789EB00147994 /* UIKit.framework in Frameworks */ = {isa = PBXBuildFile; fileRef = 5AC674861EF789EB00147994 /* UIKit.framework */; };
		5AC674951EF7AFD900147994 /* MainViewController.m in Sources */ = {isa = PBXBuildFile; fileRef = 5AC674921EF7AFD900147994 /* MainViewController.m */; };
		5AC674961EF7AFD900147994 /* PushViewController.mm in Sources */ = {isa = PBXBuildFile; fileRef = 5AC674941EF7AFD900147994 /* PushViewController.mm */; };
		5AF5F29C1EF90A5C0059B128 /* PullViewController.mm in Sources */ = {isa = PBXBuildFile; fileRef = 5AF5F29B1EF90A5C0059B128 /* PullViewController.mm */; };
		5AF5F2A81EF90C910059B128 /* Icon-57.png in Resources */ = {isa = PBXBuildFile; fileRef = 5AF5F29E1EF90C910059B128 /* Icon-57.png */; };
		5AF5F2A91EF90C910059B128 /* Icon-60@2x.png in Resources */ = {isa = PBXBuildFile; fileRef = 5AF5F29F1EF90C910059B128 /* Icon-60@2x.png */; };
		5AF5F2AA1EF90C910059B128 /* Icon-76.png in Resources */ = {isa = PBXBuildFile; fileRef = 5AF5F2A01EF90C910059B128 /* Icon-76.png */; };
		5AF5F2AB1EF90C910059B128 /* Icon-Small.png in Resources */ = {isa = PBXBuildFile; fileRef = 5AF5F2A11EF90C910059B128 /* Icon-Small.png */; };
		5AF5F2AC1EF90C910059B128 /* Icon.png in Resources */ = {isa = PBXBuildFile; fileRef = 5AF5F2A21EF90C910059B128 /* Icon.png */; };
		5AF5F2AD1EF90C910059B128 /* Default-568h@2x.png in Resources */ = {isa = PBXBuildFile; fileRef = 5AF5F2A41EF90C910059B128 /* Default-568h@2x.png */; };
		5AF5F2AE1EF90C910059B128 /* Default-667h@2x.png in Resources */ = {isa = PBXBuildFile; fileRef = 5AF5F2A51EF90C910059B128 /* Default-667h@2x.png */; };
		5AF5F2AF1EF90C910059B128 /* Default-736h@3x.png in Resources */ = {isa = PBXBuildFile; fileRef = 5AF5F2A61EF90C910059B128 /* Default-736h@3x.png */; };
		5AF5F2B01EF90C910059B128 /* Default@2x.png in Resources */ = {isa = PBXBuildFile; fileRef = 5AF5F2A71EF90C910059B128 /* Default@2x.png */; };
/* End PBXBuildFile section */

/* Begin PBXFileReference section */
		5AC674071EF7820D00147994 /* KCT_UDP_Demo.app */ = {isa = PBXFileReference; explicitFileType = wrapper.application; includeInIndex = 0; path = KCT_UDP_Demo.app; sourceTree = BUILT_PRODUCTS_DIR; };
		5AC6740B1EF7820D00147994 /* main.m */ = {isa = PBXFileReference; lastKnownFileType = sourcecode.c.objc; path = main.m; sourceTree = "<group>"; };
		5AC6740D1EF7820D00147994 /* AppDelegate.h */ = {isa = PBXFileReference; lastKnownFileType = sourcecode.c.h; path = AppDelegate.h; sourceTree = "<group>"; };
		5AC6740E1EF7820D00147994 /* AppDelegate.m */ = {isa = PBXFileReference; lastKnownFileType = sourcecode.c.objc; path = AppDelegate.m; sourceTree = "<group>"; };
		5AC674161EF7820D00147994 /* Assets.xcassets */ = {isa = PBXFileReference; lastKnownFileType = folder.assetcatalog; path = Assets.xcassets; sourceTree = "<group>"; };
		5AC6741B1EF7820D00147994 /* Info.plist */ = {isa = PBXFileReference; lastKnownFileType = text.plist.xml; path = Info.plist; sourceTree = "<group>"; };
		5AC674231EF783F200147994 /* AppHeaders.h */ = {isa = PBXFileReference; fileEncoding = 4; lastKnownFileType = sourcecode.c.h; path = AppHeaders.h; sourceTree = "<group>"; };
		5AC674241EF783F200147994 /* PrefixHeader.pch */ = {isa = PBXFileReference; fileEncoding = 4; lastKnownFileType = sourcecode.c.h; path = PrefixHeader.pch; sourceTree = "<group>"; };
		5AC674271EF783F200147994 /* LabelAndTextCell.h */ = {isa = PBXFileReference; fileEncoding = 4; lastKnownFileType = sourcecode.c.h; path = LabelAndTextCell.h; sourceTree = "<group>"; };
		5AC674281EF783F200147994 /* LabelAndTextCell.m */ = {isa = PBXFileReference; fileEncoding = 4; lastKnownFileType = sourcecode.c.objc; path = LabelAndTextCell.m; sourceTree = "<group>"; };
		5AC674291EF783F200147994 /* RadioCell.h */ = {isa = PBXFileReference; fileEncoding = 4; lastKnownFileType = sourcecode.c.h; path = RadioCell.h; sourceTree = "<group>"; };
		5AC6742A1EF783F200147994 /* RadioCell.m */ = {isa = PBXFileReference; fileEncoding = 4; lastKnownFileType = sourcecode.c.objc; path = RadioCell.m; sourceTree = "<group>"; };
		5AC6742B1EF783F200147994 /* SegmentCell.h */ = {isa = PBXFileReference; fileEncoding = 4; lastKnownFileType = sourcecode.c.h; path = SegmentCell.h; sourceTree = "<group>"; };
		5AC6742C1EF783F200147994 /* SegmentCell.m */ = {isa = PBXFileReference; fileEncoding = 4; lastKnownFileType = sourcecode.c.objc; path = SegmentCell.m; sourceTree = "<group>"; };
		5AC674321EF783F200147994 /* Main.storyboard */ = {isa = PBXFileReference; fileEncoding = 4; lastKnownFileType = file.storyboard; path = Main.storyboard; sourceTree = "<group>"; };
		5AC674351EF783F300147994 /* checkBtn@2x.png */ = {isa = PBXFileReference; lastKnownFileType = image.png; path = "checkBtn@2x.png"; sourceTree = "<group>"; };
		5AC674361EF783F300147994 /* unCheckBtn@2x.png */ = {isa = PBXFileReference; lastKnownFileType = image.png; path = "unCheckBtn@2x.png"; sourceTree = "<group>"; };
		5AC674391EF783F300147994 /* MBProgressHUD+Add.h */ = {isa = PBXFileReference; fileEncoding = 4; lastKnownFileType = sourcecode.c.h; path = "MBProgressHUD+Add.h"; sourceTree = "<group>"; };
		5AC6743A1EF783F300147994 /* MBProgressHUD+Add.m */ = {isa = PBXFileReference; fileEncoding = 4; lastKnownFileType = sourcecode.c.objc; path = "MBProgressHUD+Add.m"; sourceTree = "<group>"; };
		5AC6743B1EF783F300147994 /* MBProgressHUD.bundle */ = {isa = PBXFileReference; lastKnownFileType = "wrapper.plug-in"; path = MBProgressHUD.bundle; sourceTree = "<group>"; };
		5AC6743C1EF783F300147994 /* MBProgressHUD.h */ = {isa = PBXFileReference; fileEncoding = 4; lastKnownFileType = sourcecode.c.h; path = MBProgressHUD.h; sourceTree = "<group>"; };
		5AC6743D1EF783F300147994 /* MBProgressHUD.m */ = {isa = PBXFileReference; fileEncoding = 4; lastKnownFileType = sourcecode.c.objc; path = MBProgressHUD.m; sourceTree = "<group>"; };
		5AC674551EF787C100147994 /* FlyRTCSDK.cpp */ = {isa = PBXFileReference; fileEncoding = 4; lastKnownFileType = sourcecode.cpp.cpp; path = FlyRTCSDK.cpp; sourceTree = "<group>"; };
		5AC674561EF787C100147994 /* FlyRTCSDK.h */ = {isa = PBXFileReference; fileEncoding = 4; lastKnownFileType = sourcecode.c.h; path = FlyRTCSDK.h; sourceTree = "<group>"; };
		5AC674571EF787C100147994 /* MediaEngineCommon.h */ = {isa = PBXFileReference; fileEncoding = 4; lastKnownFileType = sourcecode.c.h; path = MediaEngineCommon.h; sourceTree = "<group>"; };
		5AC674581EF787C100147994 /* MediaEngineInterface.h */ = {isa = PBXFileReference; fileEncoding = 4; lastKnownFileType = sourcecode.c.h; path = MediaEngineInterface.h; sourceTree = "<group>"; };
		5AC674591EF787C100147994 /* typedef.h */ = {isa = PBXFileReference; fileEncoding = 4; lastKnownFileType = sourcecode.c.h; path = typedef.h; sourceTree = "<group>"; };
		5AC6745A1EF787C100147994 /* ugo.a */ = {isa = PBXFileReference; lastKnownFileType = archive.ar; path = ugo.a; sourceTree = "<group>"; };
		5AC6745B1EF787C100147994 /* ugo.h */ = {isa = PBXFileReference; fileEncoding = 4; lastKnownFileType = sourcecode.c.h; path = ugo.h; sourceTree = "<group>"; };
		5AC6745C1EF787C100147994 /* ugo_comm.h */ = {isa = PBXFileReference; fileEncoding = 4; lastKnownFileType = sourcecode.c.h; path = ugo_comm.h; sourceTree = "<group>"; };
		5AC6745D1EF787C100147994 /* VideoView.h */ = {isa = PBXFileReference; fileEncoding = 4; lastKnownFileType = sourcecode.c.h; path = VideoView.h; sourceTree = "<group>"; };
		5AC6745E1EF787C100147994 /* vigo.a */ = {isa = PBXFileReference; lastKnownFileType = archive.ar; path = vigo.a; sourceTree = "<group>"; };
		5AC6745F1EF787C100147994 /* ViGoEngine.h */ = {isa = PBXFileReference; fileEncoding = 4; lastKnownFileType = sourcecode.c.h; path = ViGoEngine.h; sourceTree = "<group>"; };
		5AC674641EF788BB00147994 /* QuartzCore.framework */ = {isa = PBXFileReference; lastKnownFileType = wrapper.framework; name = QuartzCore.framework; path = System/Library/Frameworks/QuartzCore.framework; sourceTree = SDKROOT; };
		5AC674661EF788CC00147994 /* OpenGLES.framework */ = {isa = PBXFileReference; lastKnownFileType = wrapper.framework; name = OpenGLES.framework; path = System/Library/Frameworks/OpenGLES.framework; sourceTree = SDKROOT; };
		5AC674681EF788D900147994 /* CFNetwork.framework */ = {isa = PBXFileReference; lastKnownFileType = wrapper.framework; name = CFNetwork.framework; path = System/Library/Frameworks/CFNetwork.framework; sourceTree = SDKROOT; };
		5AC6746A1EF788E600147994 /* SystemConfiguration.framework */ = {isa = PBXFileReference; lastKnownFileType = wrapper.framework; name = SystemConfiguration.framework; path = System/Library/Frameworks/SystemConfiguration.framework; sourceTree = SDKROOT; };
		5AC6746C1EF7891C00147994 /* AudioToolbox.framework */ = {isa = PBXFileReference; lastKnownFileType = wrapper.framework; name = AudioToolbox.framework; path = System/Library/Frameworks/AudioToolbox.framework; sourceTree = SDKROOT; };
		5AC6746E1EF7892B00147994 /* libz.tbd */ = {isa = PBXFileReference; lastKnownFileType = "sourcecode.text-based-dylib-definition"; name = libz.tbd; path = usr/lib/libz.tbd; sourceTree = SDKROOT; };
		5AC674701EF7893500147994 /* libstdc++.tbd */ = {isa = PBXFileReference; lastKnownFileType = "sourcecode.text-based-dylib-definition"; name = "libstdc++.tbd"; path = "usr/lib/libstdc++.tbd"; sourceTree = SDKROOT; };
		5AC674721EF7894000147994 /* CoreGraphics.framework */ = {isa = PBXFileReference; lastKnownFileType = wrapper.framework; name = CoreGraphics.framework; path = System/Library/Frameworks/CoreGraphics.framework; sourceTree = SDKROOT; };
		5AC674741EF7894900147994 /* AssetsLibrary.framework */ = {isa = PBXFileReference; lastKnownFileType = wrapper.framework; name = AssetsLibrary.framework; path = System/Library/Frameworks/AssetsLibrary.framework; sourceTree = SDKROOT; };
		5AC674761EF7895900147994 /* CoreTelephony.framework */ = {isa = PBXFileReference; lastKnownFileType = wrapper.framework; name = CoreTelephony.framework; path = System/Library/Frameworks/CoreTelephony.framework; sourceTree = SDKROOT; };
		5AC674781EF7896700147994 /* CoreFoundation.framework */ = {isa = PBXFileReference; lastKnownFileType = wrapper.framework; name = CoreFoundation.framework; path = System/Library/Frameworks/CoreFoundation.framework; sourceTree = SDKROOT; };
		5AC6747A1EF7897A00147994 /* AVFoundation.framework */ = {isa = PBXFileReference; lastKnownFileType = wrapper.framework; name = AVFoundation.framework; path = System/Library/Frameworks/AVFoundation.framework; sourceTree = SDKROOT; };
		5AC6747C1EF7898600147994 /* CoreVideo.framework */ = {isa = PBXFileReference; lastKnownFileType = wrapper.framework; name = CoreVideo.framework; path = System/Library/Frameworks/CoreVideo.framework; sourceTree = SDKROOT; };
		5AC6747E1EF7899900147994 /* VideoToolbox.framework */ = {isa = PBXFileReference; lastKnownFileType = wrapper.framework; name = VideoToolbox.framework; path = System/Library/Frameworks/VideoToolbox.framework; sourceTree = SDKROOT; };
		5AC674801EF789A300147994 /* CoreMedia.framework */ = {isa = PBXFileReference; lastKnownFileType = wrapper.framework; name = CoreMedia.framework; path = System/Library/Frameworks/CoreMedia.framework; sourceTree = SDKROOT; };
		5AC674821EF789AF00147994 /* MediaPlayer.framework */ = {isa = PBXFileReference; lastKnownFileType = wrapper.framework; name = MediaPlayer.framework; path = System/Library/Frameworks/MediaPlayer.framework; sourceTree = SDKROOT; };
		5AC674841EF789D800147994 /* libstdc++.6.tbd */ = {isa = PBXFileReference; lastKnownFileType = "sourcecode.text-based-dylib-definition"; name = "libstdc++.6.tbd"; path = "usr/lib/libstdc++.6.tbd"; sourceTree = SDKROOT; };
		5AC674861EF789EB00147994 /* UIKit.framework */ = {isa = PBXFileReference; lastKnownFileType = wrapper.framework; name = UIKit.framework; path = System/Library/Frameworks/UIKit.framework; sourceTree = SDKROOT; };
		5AC674911EF7AFD900147994 /* MainViewController.h */ = {isa = PBXFileReference; fileEncoding = 4; lastKnownFileType = sourcecode.c.h; path = MainViewController.h; sourceTree = "<group>"; };
		5AC674921EF7AFD900147994 /* MainViewController.m */ = {isa = PBXFileReference; fileEncoding = 4; lastKnownFileType = sourcecode.c.objc; path = MainViewController.m; sourceTree = "<group>"; };
		5AC674931EF7AFD900147994 /* PushViewController.h */ = {isa = PBXFileReference; fileEncoding = 4; lastKnownFileType = sourcecode.c.h; path = PushViewController.h; sourceTree = "<group>"; };
		5AC674941EF7AFD900147994 /* PushViewController.mm */ = {isa = PBXFileReference; fileEncoding = 4; lastKnownFileType = sourcecode.cpp.objcpp; path = PushViewController.mm; sourceTree = "<group>"; };
		5AF5F29A1EF90A5C0059B128 /* PullViewController.h */ = {isa = PBXFileReference; fileEncoding = 4; lastKnownFileType = sourcecode.c.h; path = PullViewController.h; sourceTree = "<group>"; };
		5AF5F29B1EF90A5C0059B128 /* PullViewController.mm */ = {isa = PBXFileReference; fileEncoding = 4; lastKnownFileType = sourcecode.cpp.objcpp; path = PullViewController.mm; sourceTree = "<group>"; };
		5AF5F29E1EF90C910059B128 /* Icon-57.png */ = {isa = PBXFileReference; lastKnownFileType = image.png; path = "Icon-57.png"; sourceTree = "<group>"; };
		5AF5F29F1EF90C910059B128 /* Icon-60@2x.png */ = {isa = PBXFileReference; lastKnownFileType = image.png; path = "Icon-60@2x.png"; sourceTree = "<group>"; };
		5AF5F2A01EF90C910059B128 /* Icon-76.png */ = {isa = PBXFileReference; lastKnownFileType = image.png; path = "Icon-76.png"; sourceTree = "<group>"; };
		5AF5F2A11EF90C910059B128 /* Icon-Small.png */ = {isa = PBXFileReference; lastKnownFileType = image.png; path = "Icon-Small.png"; sourceTree = "<group>"; };
		5AF5F2A21EF90C910059B128 /* Icon.png */ = {isa = PBXFileReference; lastKnownFileType = image.png; path = Icon.png; sourceTree = "<group>"; };
		5AF5F2A41EF90C910059B128 /* Default-568h@2x.png */ = {isa = PBXFileReference; lastKnownFileType = image.png; path = "Default-568h@2x.png"; sourceTree = "<group>"; };
		5AF5F2A51EF90C910059B128 /* Default-667h@2x.png */ = {isa = PBXFileReference; lastKnownFileType = image.png; path = "Default-667h@2x.png"; sourceTree = "<group>"; };
		5AF5F2A61EF90C910059B128 /* Default-736h@3x.png */ = {isa = PBXFileReference; lastKnownFileType = image.png; path = "Default-736h@3x.png"; sourceTree = "<group>"; };
		5AF5F2A71EF90C910059B128 /* Default@2x.png */ = {isa = PBXFileReference; lastKnownFileType = image.png; path = "Default@2x.png"; sourceTree = "<group>"; };
/* End PBXFileReference section */

/* Begin PBXFrameworksBuildPhase section */
		5AC674041EF7820D00147994 /* Frameworks */ = {
			isa = PBXFrameworksBuildPhase;
			buildActionMask = 2147483647;
			files = (
				5AC674871EF789EB00147994 /* UIKit.framework in Frameworks */,
				5AC674851EF789D800147994 /* libstdc++.6.tbd in Frameworks */,
				5AC674831EF789AF00147994 /* MediaPlayer.framework in Frameworks */,
				5AC674811EF789A300147994 /* CoreMedia.framework in Frameworks */,
				5AC6747F1EF7899900147994 /* VideoToolbox.framework in Frameworks */,
				5AC6747D1EF7898600147994 /* CoreVideo.framework in Frameworks */,
				5AC6747B1EF7897A00147994 /* AVFoundation.framework in Frameworks */,
				5AC674791EF7896700147994 /* CoreFoundation.framework in Frameworks */,
				5AC674751EF7894900147994 /* AssetsLibrary.framework in Frameworks */,
				5AC674731EF7894000147994 /* CoreGraphics.framework in Frameworks */,
				5AC674711EF7893500147994 /* libstdc++.tbd in Frameworks */,
				5AC6746F1EF7892B00147994 /* libz.tbd in Frameworks */,
				5AC6746D1EF7891C00147994 /* AudioToolbox.framework in Frameworks */,
				5AC6746B1EF788E600147994 /* SystemConfiguration.framework in Frameworks */,
				5AC674691EF788D900147994 /* CFNetwork.framework in Frameworks */,
				5AC674671EF788CC00147994 /* OpenGLES.framework in Frameworks */,
				5AC674651EF788BB00147994 /* QuartzCore.framework in Frameworks */,
				5AC674621EF787C100147994 /* vigo.a in Frameworks */,
				5AC674611EF787C100147994 /* ugo.a in Frameworks */,
			);
			runOnlyForDeploymentPostprocessing = 0;
		};
/* End PBXFrameworksBuildPhase section */

/* Begin PBXGroup section */
		5AC673FE1EF7820D00147994 = {
			isa = PBXGroup;
			children = (
				5AC674541EF787C100147994 /* KCTSDK */,
				5AC674091EF7820D00147994 /* KCT_UDP_Demo */,
				5AC674081EF7820D00147994 /* Products */,
				5AC674631EF788BB00147994 /* Frameworks */,
			);
			sourceTree = "<group>";
		};
		5AC674081EF7820D00147994 /* Products */ = {
			isa = PBXGroup;
			children = (
				5AC674071EF7820D00147994 /* KCT_UDP_Demo.app */,
			);
			name = Products;
			sourceTree = "<group>";
		};
		5AC674091EF7820D00147994 /* KCT_UDP_Demo */ = {
			isa = PBXGroup;
			children = (
				5AC674221EF783F200147994 /* Config */,
				5AC674251EF783F200147994 /* GUI */,
				5AC674331EF783F300147994 /* Resources */,
				5AC674371EF783F300147994 /* Vendor */,
				5AC6740D1EF7820D00147994 /* AppDelegate.h */,
				5AC6740E1EF7820D00147994 /* AppDelegate.m */,
				5AC674161EF7820D00147994 /* Assets.xcassets */,
				5AC6741B1EF7820D00147994 /* Info.plist */,
				5AC6740A1EF7820D00147994 /* Supporting Files */,
			);
			path = KCT_UDP_Demo;
			sourceTree = "<group>";
		};
		5AC6740A1EF7820D00147994 /* Supporting Files */ = {
			isa = PBXGroup;
			children = (
				5AC6740B1EF7820D00147994 /* main.m */,
			);
			name = "Supporting Files";
			sourceTree = "<group>";
		};
		5AC674221EF783F200147994 /* Config */ = {
			isa = PBXGroup;
			children = (
				5AC674231EF783F200147994 /* AppHeaders.h */,
				5AC674241EF783F200147994 /* PrefixHeader.pch */,
			);
			path = Config;
			sourceTree = "<group>";
		};
		5AC674251EF783F200147994 /* GUI */ = {
			isa = PBXGroup;
			children = (
				5AC674261EF783F200147994 /* CustomView */,
				5AC6742D1EF783F200147994 /* Main */,
				5AC674321EF783F200147994 /* Main.storyboard */,
			);
			path = GUI;
			sourceTree = "<group>";
		};
		5AC674261EF783F200147994 /* CustomView */ = {
			isa = PBXGroup;
			children = (
				5AC674271EF783F200147994 /* LabelAndTextCell.h */,
				5AC674281EF783F200147994 /* LabelAndTextCell.m */,
				5AC674291EF783F200147994 /* RadioCell.h */,
				5AC6742A1EF783F200147994 /* RadioCell.m */,
				5AC6742B1EF783F200147994 /* SegmentCell.h */,
				5AC6742C1EF783F200147994 /* SegmentCell.m */,
			);
			path = CustomView;
			sourceTree = "<group>";
		};
		5AC6742D1EF783F200147994 /* Main */ = {
			isa = PBXGroup;
			children = (
				5AF5F29A1EF90A5C0059B128 /* PullViewController.h */,
				5AF5F29B1EF90A5C0059B128 /* PullViewController.mm */,
				5AC674911EF7AFD900147994 /* MainViewController.h */,
				5AC674921EF7AFD900147994 /* MainViewController.m */,
				5AC674931EF7AFD900147994 /* PushViewController.h */,
				5AC674941EF7AFD900147994 /* PushViewController.mm */,
			);
			path = Main;
			sourceTree = "<group>";
		};
		5AC674331EF783F300147994 /* Resources */ = {
			isa = PBXGroup;
			children = (
				5AC674341EF783F300147994 /* Images */,
			);
			path = Resources;
			sourceTree = "<group>";
		};
		5AC674341EF783F300147994 /* Images */ = {
			isa = PBXGroup;
			children = (
				5AF5F29D1EF90C910059B128 /* AppIcon */,
				5AF5F2A31EF90C910059B128 /* LaunchImage */,
				5AC674351EF783F300147994 /* checkBtn@2x.png */,
				5AC674361EF783F300147994 /* unCheckBtn@2x.png */,
			);
			path = Images;
			sourceTree = "<group>";
		};
		5AC674371EF783F300147994 /* Vendor */ = {
			isa = PBXGroup;
			children = (
				5AC674381EF783F300147994 /* MBProgressHUD */,
			);
			path = Vendor;
			sourceTree = "<group>";
		};
		5AC674381EF783F300147994 /* MBProgressHUD */ = {
			isa = PBXGroup;
			children = (
				5AC674391EF783F300147994 /* MBProgressHUD+Add.h */,
				5AC6743A1EF783F300147994 /* MBProgressHUD+Add.m */,
				5AC6743B1EF783F300147994 /* MBProgressHUD.bundle */,
				5AC6743C1EF783F300147994 /* MBProgressHUD.h */,
				5AC6743D1EF783F300147994 /* MBProgressHUD.m */,
			);
			path = MBProgressHUD;
			sourceTree = "<group>";
		};
		5AC674541EF787C100147994 /* KCTSDK */ = {
			isa = PBXGroup;
			children = (
				5AC674551EF787C100147994 /* FlyRTCSDK.cpp */,
				5AC674561EF787C100147994 /* FlyRTCSDK.h */,
				5AC674571EF787C100147994 /* MediaEngineCommon.h */,
				5AC674581EF787C100147994 /* MediaEngineInterface.h */,
				5AC674591EF787C100147994 /* typedef.h */,
				5AC6745A1EF787C100147994 /* ugo.a */,
				5AC6745B1EF787C100147994 /* ugo.h */,
				5AC6745C1EF787C100147994 /* ugo_comm.h */,
				5AC6745D1EF787C100147994 /* VideoView.h */,
				5AC6745E1EF787C100147994 /* vigo.a */,
				5AC6745F1EF787C100147994 /* ViGoEngine.h */,
			);
			path = KCTSDK;
			sourceTree = "<group>";
		};
		5AC674631EF788BB00147994 /* Frameworks */ = {
			isa = PBXGroup;
			children = (
				5AC674861EF789EB00147994 /* UIKit.framework */,
				5AC674841EF789D800147994 /* libstdc++.6.tbd */,
				5AC674821EF789AF00147994 /* MediaPlayer.framework */,
				5AC674801EF789A300147994 /* CoreMedia.framework */,
				5AC6747E1EF7899900147994 /* VideoToolbox.framework */,
				5AC6747C1EF7898600147994 /* CoreVideo.framework */,
				5AC6747A1EF7897A00147994 /* AVFoundation.framework */,
				5AC674781EF7896700147994 /* CoreFoundation.framework */,
				5AC674761EF7895900147994 /* CoreTelephony.framework */,
				5AC674741EF7894900147994 /* AssetsLibrary.framework */,
				5AC674721EF7894000147994 /* CoreGraphics.framework */,
				5AC674701EF7893500147994 /* libstdc++.tbd */,
				5AC6746E1EF7892B00147994 /* libz.tbd */,
				5AC6746C1EF7891C00147994 /* AudioToolbox.framework */,
				5AC6746A1EF788E600147994 /* SystemConfiguration.framework */,
				5AC674681EF788D900147994 /* CFNetwork.framework */,
				5AC674661EF788CC00147994 /* OpenGLES.framework */,
				5AC674641EF788BB00147994 /* QuartzCore.framework */,
			);
			name = Frameworks;
			sourceTree = "<group>";
		};
		5AF5F29D1EF90C910059B128 /* AppIcon */ = {
			isa = PBXGroup;
			children = (
				5AF5F29E1EF90C910059B128 /* Icon-57.png */,
				5AF5F29F1EF90C910059B128 /* Icon-60@2x.png */,
				5AF5F2A01EF90C910059B128 /* Icon-76.png */,
				5AF5F2A11EF90C910059B128 /* Icon-Small.png */,
				5AF5F2A21EF90C910059B128 /* Icon.png */,
			);
			path = AppIcon;
			sourceTree = "<group>";
		};
		5AF5F2A31EF90C910059B128 /* LaunchImage */ = {
			isa = PBXGroup;
			children = (
				5AF5F2A41EF90C910059B128 /* Default-568h@2x.png */,
				5AF5F2A51EF90C910059B128 /* Default-667h@2x.png */,
				5AF5F2A61EF90C910059B128 /* Default-736h@3x.png */,
				5AF5F2A71EF90C910059B128 /* Default@2x.png */,
			);
			path = LaunchImage;
			sourceTree = "<group>";
		};
/* End PBXGroup section */

/* Begin PBXNativeTarget section */
		5AC674061EF7820D00147994 /* KCT_UDP_Demo */ = {
			isa = PBXNativeTarget;
			buildConfigurationList = 5AC6741E1EF7820D00147994 /* Build configuration list for PBXNativeTarget "KCT_UDP_Demo" */;
			buildPhases = (
				5AC674031EF7820D00147994 /* Sources */,
				5AC674041EF7820D00147994 /* Frameworks */,
				5AC674051EF7820D00147994 /* Resources */,
			);
			buildRules = (
			);
			dependencies = (
			);
			name = KCT_UDP_Demo;
			productName = KCT_UDP_Demo;
			productReference = 5AC674071EF7820D00147994 /* KCT_UDP_Demo.app */;
			productType = "com.apple.product-type.application";
		};
/* End PBXNativeTarget section */

/* Begin PBXProject section */
		5AC673FF1EF7820D00147994 /* Project object */ = {
			isa = PBXProject;
			attributes = {
				LastUpgradeCheck = 0830;
				ORGANIZATIONNAME = flypass;
				TargetAttributes = {
					5AC674061EF7820D00147994 = {
						CreatedOnToolsVersion = 8.3.2;
						DevelopmentTeam = NSUMRZX66K;
						ProvisioningStyle = Automatic;
					};
				};
			};
			buildConfigurationList = 5AC674021EF7820D00147994 /* Build configuration list for PBXProject "KCT_UDP_Demo" */;
			compatibilityVersion = "Xcode 3.2";
			developmentRegion = English;
			hasScannedForEncodings = 0;
			knownRegions = (
				en,
				Base,
			);
			mainGroup = 5AC673FE1EF7820D00147994;
			productRefGroup = 5AC674081EF7820D00147994 /* Products */;
			projectDirPath = "";
			projectRoot = "";
			targets = (
				5AC674061EF7820D00147994 /* KCT_UDP_Demo */,
			);
		};
/* End PBXProject section */

/* Begin PBXResourcesBuildPhase section */
		5AC674051EF7820D00147994 /* Resources */ = {
			isa = PBXResourcesBuildPhase;
			buildActionMask = 2147483647;
			files = (
				5AC674441EF783F300147994 /* checkBtn@2x.png in Resources */,
				5AC674451EF783F300147994 /* unCheckBtn@2x.png in Resources */,
				5AF5F2AE1EF90C910059B128 /* Default-667h@2x.png in Resources */,
				5AC674171EF7820D00147994 /* Assets.xcassets in Resources */,
				5AF5F2A81EF90C910059B128 /* Icon-57.png in Resources */,
				5AF5F2AD1EF90C910059B128 /* Default-568h@2x.png in Resources */,
				5AC674431EF783F300147994 /* Main.storyboard in Resources */,
				5AC674471EF783F300147994 /* MBProgressHUD.bundle in Resources */,
				5AF5F2A91EF90C910059B128 /* Icon-60@2x.png in Resources */,
				5AF5F2AC1EF90C910059B128 /* Icon.png in Resources */,
				5AF5F2AB1EF90C910059B128 /* Icon-Small.png in Resources */,
				5AF5F2B01EF90C910059B128 /* Default@2x.png in Resources */,
				5AF5F2AA1EF90C910059B128 /* Icon-76.png in Resources */,
				5AF5F2AF1EF90C910059B128 /* Default-736h@3x.png in Resources */,
			);
			runOnlyForDeploymentPostprocessing = 0;
		};
/* End PBXResourcesBuildPhase section */

/* Begin PBXSourcesBuildPhase section */
		5AC674031EF7820D00147994 /* Sources */ = {
			isa = PBXSourcesBuildPhase;
			buildActionMask = 2147483647;
			files = (
				5AC6743E1EF783F300147994 /* LabelAndTextCell.m in Sources */,
				5AC674951EF7AFD900147994 /* MainViewController.m in Sources */,
				5AC6743F1EF783F300147994 /* RadioCell.m in Sources */,
				5AC674601EF787C100147994 /* FlyRTCSDK.cpp in Sources */,
				5AC674481EF783F300147994 /* MBProgressHUD.m in Sources */,
				5AC6740F1EF7820D00147994 /* AppDelegate.m in Sources */,
				5AC674961EF7AFD900147994 /* PushViewController.mm in Sources */,
				5AC6740C1EF7820D00147994 /* main.m in Sources */,
				5AC674401EF783F300147994 /* SegmentCell.m in Sources */,
				5AC674461EF783F300147994 /* MBProgressHUD+Add.m in Sources */,
				5AF5F29C1EF90A5C0059B128 /* PullViewController.mm in Sources */,
			);
			runOnlyForDeploymentPostprocessing = 0;
		};
/* End PBXSourcesBuildPhase section */

/* Begin XCBuildConfiguration section */
		5AC6741C1EF7820D00147994 /* Debug */ = {
			isa = XCBuildConfiguration;
			buildSettings = {
				ALWAYS_SEARCH_USER_PATHS = NO;
				CLANG_ANALYZER_NONNULL = YES;
				CLANG_ANALYZER_NUMBER_OBJECT_CONVERSION = YES_AGGRESSIVE;
				CLANG_CXX_LANGUAGE_STANDARD = "gnu++0x";
				CLANG_CXX_LIBRARY = "libc++";
				CLANG_ENABLE_MODULES = YES;
				CLANG_ENABLE_OBJC_ARC = YES;
				CLANG_WARN_BOOL_CONVERSION = YES;
				CLANG_WARN_CONSTANT_CONVERSION = YES;
				CLANG_WARN_DIRECT_OBJC_ISA_USAGE = YES_ERROR;
				CLANG_WARN_DOCUMENTATION_COMMENTS = YES;
				CLANG_WARN_EMPTY_BODY = YES;
				CLANG_WARN_ENUM_CONVERSION = YES;
				CLANG_WARN_INFINITE_RECURSION = YES;
				CLANG_WARN_INT_CONVERSION = YES;
				CLANG_WARN_OBJC_ROOT_CLASS = YES_ERROR;
				CLANG_WARN_SUSPICIOUS_MOVE = YES;
				CLANG_WARN_UNREACHABLE_CODE = YES;
				CLANG_WARN__DUPLICATE_METHOD_MATCH = YES;
				"CODE_SIGN_IDENTITY[sdk=iphoneos*]" = "iPhone Developer";
				COPY_PHASE_STRIP = NO;
				DEBUG_INFORMATION_FORMAT = dwarf;
				ENABLE_STRICT_OBJC_MSGSEND = YES;
				ENABLE_TESTABILITY = YES;
				GCC_C_LANGUAGE_STANDARD = gnu99;
				GCC_DYNAMIC_NO_PIC = NO;
				GCC_NO_COMMON_BLOCKS = YES;
				GCC_OPTIMIZATION_LEVEL = 0;
				GCC_PREPROCESSOR_DEFINITIONS = (
					"DEBUG=1",
					"$(inherited)",
				);
				GCC_WARN_64_TO_32_BIT_CONVERSION = YES;
				GCC_WARN_ABOUT_RETURN_TYPE = YES_ERROR;
				GCC_WARN_UNDECLARED_SELECTOR = YES;
				GCC_WARN_UNINITIALIZED_AUTOS = YES_AGGRESSIVE;
				GCC_WARN_UNUSED_FUNCTION = YES;
				GCC_WARN_UNUSED_VARIABLE = YES;
				IPHONEOS_DEPLOYMENT_TARGET = 10.3;
				MTL_ENABLE_DEBUG_INFO = YES;
				ONLY_ACTIVE_ARCH = YES;
				SDKROOT = iphoneos;
			};
			name = Debug;
		};
		5AC6741D1EF7820D00147994 /* Release */ = {
			isa = XCBuildConfiguration;
			buildSettings = {
				ALWAYS_SEARCH_USER_PATHS = NO;
				CLANG_ANALYZER_NONNULL = YES;
				CLANG_ANALYZER_NUMBER_OBJECT_CONVERSION = YES_AGGRESSIVE;
				CLANG_CXX_LANGUAGE_STANDARD = "gnu++0x";
				CLANG_CXX_LIBRARY = "libc++";
				CLANG_ENABLE_MODULES = YES;
				CLANG_ENABLE_OBJC_ARC = YES;
				CLANG_WARN_BOOL_CONVERSION = YES;
				CLANG_WARN_CONSTANT_CONVERSION = YES;
				CLANG_WARN_DIRECT_OBJC_ISA_USAGE = YES_ERROR;
				CLANG_WARN_DOCUMENTATION_COMMENTS = YES;
				CLANG_WARN_EMPTY_BODY = YES;
				CLANG_WARN_ENUM_CONVERSION = YES;
				CLANG_WARN_INFINITE_RECURSION = YES;
				CLANG_WARN_INT_CONVERSION = YES;
				CLANG_WARN_OBJC_ROOT_CLASS = YES_ERROR;
				CLANG_WARN_SUSPICIOUS_MOVE = YES;
				CLANG_WARN_UNREACHABLE_CODE = YES;
				CLANG_WARN__DUPLICATE_METHOD_MATCH = YES;
				"CODE_SIGN_IDENTITY[sdk=iphoneos*]" = "iPhone Developer";
				COPY_PHASE_STRIP = NO;
				DEBUG_INFORMATION_FORMAT = "dwarf-with-dsym";
				ENABLE_NS_ASSERTIONS = NO;
				ENABLE_STRICT_OBJC_MSGSEND = YES;
				GCC_C_LANGUAGE_STANDARD = gnu99;
				GCC_NO_COMMON_BLOCKS = YES;
				GCC_WARN_64_TO_32_BIT_CONVERSION = YES;
				GCC_WARN_ABOUT_RETURN_TYPE = YES_ERROR;
				GCC_WARN_UNDECLARED_SELECTOR = YES;
				GCC_WARN_UNINITIALIZED_AUTOS = YES_AGGRESSIVE;
				GCC_WARN_UNUSED_FUNCTION = YES;
				GCC_WARN_UNUSED_VARIABLE = YES;
				IPHONEOS_DEPLOYMENT_TARGET = 10.3;
				MTL_ENABLE_DEBUG_INFO = NO;
				SDKROOT = iphoneos;
				VALIDATE_PRODUCT = YES;
			};
			name = Release;
		};
		5AC6741F1EF7820D00147994 /* Debug */ = {
			isa = XCBuildConfiguration;
			buildSettings = {
				ASSETCATALOG_COMPILER_APPICON_NAME = AppIcon;
				DEVELOPMENT_TEAM = NSUMRZX66K;
				ENABLE_BITCODE = NO;
				GCC_INPUT_FILETYPE = sourcecode.cpp.objcpp;
				GCC_PRECOMPILE_PREFIX_HEADER = YES;
				GCC_PREFIX_HEADER = KCT_UDP_Demo/Config/PrefixHeader.pch;
				INFOPLIST_FILE = KCT_UDP_Demo/Info.plist;
				LD_RUNPATH_SEARCH_PATHS = "$(inherited) @executable_path/Frameworks";
				LIBRARY_SEARCH_PATHS = (
					"$(inherited)",
					"$(PROJECT_DIR)/KCTSDK",
				);
				PRODUCT_BUNDLE_IDENTIFIER = com.KCT.flyUDP;
				PRODUCT_NAME = "$(TARGET_NAME)";
			};
			name = Debug;
		};
		5AC674201EF7820D00147994 /* Release */ = {
			isa = XCBuildConfiguration;
			buildSettings = {
				ASSETCATALOG_COMPILER_APPICON_NAME = AppIcon;
				DEVELOPMENT_TEAM = NSUMRZX66K;
				ENABLE_BITCODE = NO;
				GCC_INPUT_FILETYPE = sourcecode.cpp.objcpp;
				GCC_PRECOMPILE_PREFIX_HEADER = YES;
				GCC_PREFIX_HEADER = KCT_UDP_Demo/Config/PrefixHeader.pch;
				INFOPLIST_FILE = KCT_UDP_Demo/Info.plist;
				LD_RUNPATH_SEARCH_PATHS = "$(inherited) @executable_path/Frameworks";
				LIBRARY_SEARCH_PATHS = (
					"$(inherited)",
					"$(PROJECT_DIR)/KCTSDK",
				);
				PRODUCT_BUNDLE_IDENTIFIER = com.KCT.flyUDP;
				PRODUCT_NAME = "$(TARGET_NAME)";
			};
			name = Release;
		};
/* End XCBuildConfiguration section */

/* Begin XCConfigurationList section */
		5AC674021EF7820D00147994 /* Build configuration list for PBXProject "KCT_UDP_Demo" */ = {
			isa = XCConfigurationList;
			buildConfigurations = (
				5AC6741C1EF7820D00147994 /* Debug */,
				5AC6741D1EF7820D00147994 /* Release */,
			);
			defaultConfigurationIsVisible = 0;
			defaultConfigurationName = Release;
		};
		5AC6741E1EF7820D00147994 /* Build configuration list for PBXNativeTarget "KCT_UDP_Demo" */ = {
			isa = XCConfigurationList;
			buildConfigurations = (
				5AC6741F1EF7820D00147994 /* Debug */,
				5AC674201EF7820D00147994 /* Release */,
			);
			defaultConfigurationIsVisible = 0;
			defaultConfigurationName = Release;
		};
/* End XCConfigurationList section */
	};
	rootObject = 5AC673FF1EF7820D00147994 /* Project object */;
}
